
Microsoft Visual Studio Solution File, Format Version 12.00
# Visual Studio 15
VisualStudioVersion = 15.0.27428.2027
MinimumVisualStudioVersion = 10.0.40219.1
Project("{FAE04EC0-301F-11D3-BF4B-00C04F79EFBC}") = "Lab7", "Lab7\Lab7.csproj", "{3095D0D4-FF18-4C66-8140-28D99E69ED7F}"
EndProject
Project("{2150E333-8FDC-42A3-9474-1A3956D46DE8}") = "Solution Items", "Solution Items", "{0C0F2BBF-62E4-40A6-9284-16B355F93921}"
	ProjectSection(SolutionItems) = preProject
		.gitignore = .gitignore
	EndProjectSection
EndProject
Global
	GlobalSection(SolutionConfigurationPlatforms) = preSolution
		Debug|Any CPU = Debug|Any CPU
		Release|Any CPU = Release|Any CPU
	EndGlobalSection
	GlobalSection(ProjectConfigurationPlatforms) = postSolution
		{3095D0D4-FF18-4C66-8140-28D99E69ED7F}.Debug|Any CPU.ActiveCfg = Debug|Any CPU
		{3095D0D4-FF18-4C66-8140-28D99E69ED7F}.Debug|Any CPU.Build.0 = Debug|Any CPU
		{3095D0D4-FF18-4C66-8140-28D99E69ED7F}.Release|Any CPU.ActiveCfg = Release|Any CPU
		{3095D0D4-FF18-4C66-8140-28D99E69ED7F}.Release|Any CPU.Build.0 = Release|Any CPU
	EndGlobalSection
	GlobalSection(SolutionProperties) = preSolution
		HideSolutionNode = FALSE
	EndGlobalSection
	GlobalSection(ExtensibilityGlobals) = postSolution
		SolutionGuid = {222105F5-0861-47F1-8701-98D25C7E0A44}
	EndGlobalSection
EndGlobal
